
Microsoft Visual Studio Solution File, Format Version 12.00
# Visual Studio Version 16
VisualStudioVersion = 16.0.29806.167
MinimumVisualStudioVersion = 15.0.26124.0
Project("{9A19103F-16F7-4668-BE54-9A1E7A4F7556}") = "API", "API\API.csproj", "{C14DACB1-CDE1-49C8-9EB5-ABCE2E21A0B0}"
EndProject
Project("{9A19103F-16F7-4668-BE54-9A1E7A4F7556}") = "Core", "Core\Core.csproj", "{605E8524-FCAD-41EB-81D6-219C05D63449}"
EndProject
Project("{9A19103F-16F7-4668-BE54-9A1E7A4F7556}") = "Infrastructure", "Infrastructure\Infrastructure.csproj", "{FD9B0088-97DF-4B20-BC08-C465B3F69E74}"
EndProject
Project("{9A19103F-16F7-4668-BE54-9A1E7A4F7556}") = "Khalifa.Framework", "Khalifa.Framework\Khalifa.Framework.csproj", "{3F858947-486C-45E4-98E9-FE9574B1748A}"
EndProject
Project("{9A19103F-16F7-4668-BE54-9A1E7A4F7556}") = "Application", "Application\Application.csproj", "{681BB030-696B-4E53-8A42-43E77312B974}"
EndProject
Project("{9A19103F-16F7-4668-BE54-9A1E7A4F7556}") = "Web.BlazorServer", "Web.BlazorServer\Web.BlazorServer.csproj", "{A5E3FE38-2F71-4742-B169-3CAFF8026977}"
EndProject
Project("{9A19103F-16F7-4668-BE54-9A1E7A4F7556}") = "Web.BlazorSyncfusion", "Web.BlazorSyncfusion\Web.BlazorSyncfusion.csproj", "{86C941A2-D762-4BF1-85CB-813757D1F2DC}"
EndProject
Project("{FAE04EC0-301F-11D3-BF4B-00C04F79EFBC}") = "Web.AngularCore", "Web.AngularCore\Web.AngularCore.csproj", "{E06EA408-7A40-40EE-9C2C-07DB60CC5E36}"
EndProject
Global
	GlobalSection(SolutionConfigurationPlatforms) = preSolution
		Debug|Any CPU = Debug|Any CPU
		Debug|x64 = Debug|x64
		Debug|x86 = Debug|x86
		Release|Any CPU = Release|Any CPU
		Release|x64 = Release|x64
		Release|x86 = Release|x86
	EndGlobalSection
	GlobalSection(ProjectConfigurationPlatforms) = postSolution
		{C14DACB1-CDE1-49C8-9EB5-ABCE2E21A0B0}.Debug|Any CPU.ActiveCfg = Debug|Any CPU
		{C14DACB1-CDE1-49C8-9EB5-ABCE2E21A0B0}.Debug|Any CPU.Build.0 = Debug|Any CPU
		{C14DACB1-CDE1-49C8-9EB5-ABCE2E21A0B0}.Debug|x64.ActiveCfg = Debug|Any CPU
		{C14DACB1-CDE1-49C8-9EB5-ABCE2E21A0B0}.Debug|x64.Build.0 = Debug|Any CPU
		{C14DACB1-CDE1-49C8-9EB5-ABCE2E21A0B0}.Debug|x86.ActiveCfg = Debug|Any CPU
		{C14DACB1-CDE1-49C8-9EB5-ABCE2E21A0B0}.Debug|x86.Build.0 = Debug|Any CPU
		{C14DACB1-CDE1-49C8-9EB5-ABCE2E21A0B0}.Release|Any CPU.ActiveCfg = Release|Any CPU
		{C14DACB1-CDE1-49C8-9EB5-ABCE2E21A0B0}.Release|Any CPU.Build.0 = Release|Any CPU
		{C14DACB1-CDE1-49C8-9EB5-ABCE2E21A0B0}.Release|x64.ActiveCfg = Release|Any CPU
		{C14DACB1-CDE1-49C8-9EB5-ABCE2E21A0B0}.Release|x64.Build.0 = Release|Any CPU
		{C14DACB1-CDE1-49C8-9EB5-ABCE2E21A0B0}.Release|x86.ActiveCfg = Release|Any CPU
		{C14DACB1-CDE1-49C8-9EB5-ABCE2E21A0B0}.Release|x86.Build.0 = Release|Any CPU
		{605E8524-FCAD-41EB-81D6-219C05D63449}.Debug|Any CPU.ActiveCfg = Debug|Any CPU
		{605E8524-FCAD-41EB-81D6-219C05D63449}.Debug|Any CPU.Build.0 = Debug|Any CPU
		{605E8524-FCAD-41EB-81D6-219C05D63449}.Debug|x64.ActiveCfg = Debug|Any CPU
		{605E8524-FCAD-41EB-81D6-219C05D63449}.Debug|x64.Build.0 = Debug|Any CPU
		{605E8524-FCAD-41EB-81D6-219C05D63449}.Debug|x86.ActiveCfg = Debug|Any CPU
		{605E8524-FCAD-41EB-81D6-219C05D63449}.Debug|x86.Build.0 = Debug|Any CPU
		{605E8524-FCAD-41EB-81D6-219C05D63449}.Release|Any CPU.ActiveCfg = Release|Any CPU
		{605E8524-FCAD-41EB-81D6-219C05D63449}.Release|Any CPU.Build.0 = Release|Any CPU
		{605E8524-FCAD-41EB-81D6-219C05D63449}.Release|x64.ActiveCfg = Release|Any CPU
		{605E8524-FCAD-41EB-81D6-219C05D63449}.Release|x64.Build.0 = Release|Any CPU
		{605E8524-FCAD-41EB-81D6-219C05D63449}.Release|x86.ActiveCfg = Release|Any CPU
		{605E8524-FCAD-41EB-81D6-219C05D63449}.Release|x86.Build.0 = Release|Any CPU
		{FD9B0088-97DF-4B20-BC08-C465B3F69E74}.Debug|Any CPU.ActiveCfg = Debug|Any CPU
		{FD9B0088-97DF-4B20-BC08-C465B3F69E74}.Debug|Any CPU.Build.0 = Debug|Any CPU
		{FD9B0088-97DF-4B20-BC08-C465B3F69E74}.Debug|x64.ActiveCfg = Debug|Any CPU
		{FD9B0088-97DF-4B20-BC08-C465B3F69E74}.Debug|x64.Build.0 = Debug|Any CPU
		{FD9B0088-97DF-4B20-BC08-C465B3F69E74}.Debug|x86.ActiveCfg = Debug|Any CPU
		{FD9B0088-97DF-4B20-BC08-C465B3F69E74}.Debug|x86.Build.0 = Debug|Any CPU
		{FD9B0088-97DF-4B20-BC08-C465B3F69E74}.Release|Any CPU.ActiveCfg = Release|Any CPU
		{FD9B0088-97DF-4B20-BC08-C465B3F69E74}.Release|Any CPU.Build.0 = Release|Any CPU
		{FD9B0088-97DF-4B20-BC08-C465B3F69E74}.Release|x64.ActiveCfg = Release|Any CPU
		{FD9B0088-97DF-4B20-BC08-C465B3F69E74}.Release|x64.Build.0 = Release|Any CPU
		{FD9B0088-97DF-4B20-BC08-C465B3F69E74}.Release|x86.ActiveCfg = Release|Any CPU
		{FD9B0088-97DF-4B20-BC08-C465B3F69E74}.Release|x86.Build.0 = Release|Any CPU
		{3F858947-486C-45E4-98E9-FE9574B1748A}.Debug|Any CPU.ActiveCfg = Debug|Any CPU
		{3F858947-486C-45E4-98E9-FE9574B1748A}.Debug|Any CPU.Build.0 = Debug|Any CPU
		{3F858947-486C-45E4-98E9-FE9574B1748A}.Debug|x64.ActiveCfg = Debug|Any CPU
		{3F858947-486C-45E4-98E9-FE9574B1748A}.Debug|x64.Build.0 = Debug|Any CPU
		{3F858947-486C-45E4-98E9-FE9574B1748A}.Debug|x86.ActiveCfg = Debug|Any CPU
		{3F858947-486C-45E4-98E9-FE9574B1748A}.Debug|x86.Build.0 = Debug|Any CPU
		{3F858947-486C-45E4-98E9-FE9574B1748A}.Release|Any CPU.ActiveCfg = Release|Any CPU
		{3F858947-486C-45E4-98E9-FE9574B1748A}.Release|Any CPU.Build.0 = Release|Any CPU
		{3F858947-486C-45E4-98E9-FE9574B1748A}.Release|x64.ActiveCfg = Release|Any CPU
		{3F858947-486C-45E4-98E9-FE9574B1748A}.Release|x64.Build.0 = Release|Any CPU
		{3F858947-486C-45E4-98E9-FE9574B1748A}.Release|x86.ActiveCfg = Release|Any CPU
		{3F858947-486C-45E4-98E9-FE9574B1748A}.Release|x86.Build.0 = Release|Any CPU
		{681BB030-696B-4E53-8A42-43E77312B974}.Debug|Any CPU.ActiveCfg = Debug|Any CPU
		{681BB030-696B-4E53-8A42-43E77312B974}.Debug|Any CPU.Build.0 = Debug|Any CPU
		{681BB030-696B-4E53-8A42-43E77312B974}.Debug|x64.ActiveCfg = Debug|Any CPU
		{681BB030-696B-4E53-8A42-43E77312B974}.Debug|x64.Build.0 = Debug|Any CPU
		{681BB030-696B-4E53-8A42-43E77312B974}.Debug|x86.ActiveCfg = Debug|Any CPU
		{681BB030-696B-4E53-8A42-43E77312B974}.Debug|x86.Build.0 = Debug|Any CPU
		{681BB030-696B-4E53-8A42-43E77312B974}.Release|Any CPU.ActiveCfg = Release|Any CPU
		{681BB030-696B-4E53-8A42-43E77312B974}.Release|Any CPU.Build.0 = Release|Any CPU
		{681BB030-696B-4E53-8A42-43E77312B974}.Release|x64.ActiveCfg = Release|Any CPU
		{681BB030-696B-4E53-8A42-43E77312B974}.Release|x64.Build.0 = Release|Any CPU
		{681BB030-696B-4E53-8A42-43E77312B974}.Release|x86.ActiveCfg = Release|Any CPU
		{681BB030-696B-4E53-8A42-43E77312B974}.Release|x86.Build.0 = Release|Any CPU
		{A5E3FE38-2F71-4742-B169-3CAFF8026977}.Debug|Any CPU.ActiveCfg = Debug|Any CPU
		{A5E3FE38-2F71-4742-B169-3CAFF8026977}.Debug|Any CPU.Build.0 = Debug|Any CPU
		{A5E3FE38-2F71-4742-B169-3CAFF8026977}.Debug|x64.ActiveCfg = Debug|Any CPU
		{A5E3FE38-2F71-4742-B169-3CAFF8026977}.Debug|x64.Build.0 = Debug|Any CPU
		{A5E3FE38-2F71-4742-B169-3CAFF8026977}.Debug|x86.ActiveCfg = Debug|Any CPU
		{A5E3FE38-2F71-4742-B169-3CAFF8026977}.Debug|x86.Build.0 = Debug|Any CPU
		{A5E3FE38-2F71-4742-B169-3CAFF8026977}.Release|Any CPU.ActiveCfg = Release|Any CPU
		{A5E3FE38-2F71-4742-B169-3CAFF8026977}.Release|Any CPU.Build.0 = Release|Any CPU
		{A5E3FE38-2F71-4742-B169-3CAFF8026977}.Release|x64.ActiveCfg = Release|Any CPU
		{A5E3FE38-2F71-4742-B169-3CAFF8026977}.Release|x64.Build.0 = Release|Any CPU
		{A5E3FE38-2F71-4742-B169-3CAFF8026977}.Release|x86.ActiveCfg = Release|Any CPU
		{A5E3FE38-2F71-4742-B169-3CAFF8026977}.Release|x86.Build.0 = Release|Any CPU
		{86C941A2-D762-4BF1-85CB-813757D1F2DC}.Debug|Any CPU.ActiveCfg = Debug|Any CPU
		{86C941A2-D762-4BF1-85CB-813757D1F2DC}.Debug|Any CPU.Build.0 = Debug|Any CPU
		{86C941A2-D762-4BF1-85CB-813757D1F2DC}.Debug|x64.ActiveCfg = Debug|Any CPU
		{86C941A2-D762-4BF1-85CB-813757D1F2DC}.Debug|x64.Build.0 = Debug|Any CPU
		{86C941A2-D762-4BF1-85CB-813757D1F2DC}.Debug|x86.ActiveCfg = Debug|Any CPU
		{86C941A2-D762-4BF1-85CB-813757D1F2DC}.Debug|x86.Build.0 = Debug|Any CPU
		{86C941A2-D762-4BF1-85CB-813757D1F2DC}.Release|Any CPU.ActiveCfg = Release|Any CPU
		{86C941A2-D762-4BF1-85CB-813757D1F2DC}.Release|Any CPU.Build.0 = Release|Any CPU
		{86C941A2-D762-4BF1-85CB-813757D1F2DC}.Release|x64.ActiveCfg = Release|Any CPU
		{86C941A2-D762-4BF1-85CB-813757D1F2DC}.Release|x64.Build.0 = Release|Any CPU
		{86C941A2-D762-4BF1-85CB-813757D1F2DC}.Release|x86.ActiveCfg = Release|Any CPU
		{86C941A2-D762-4BF1-85CB-813757D1F2DC}.Release|x86.Build.0 = Release|Any CPU
		{E06EA408-7A40-40EE-9C2C-07DB60CC5E36}.Debug|Any CPU.ActiveCfg = Debug|Any CPU
		{E06EA408-7A40-40EE-9C2C-07DB60CC5E36}.Debug|Any CPU.Build.0 = Debug|Any CPU
		{E06EA408-7A40-40EE-9C2C-07DB60CC5E36}.Debug|x64.ActiveCfg = Debug|Any CPU
		{E06EA408-7A40-40EE-9C2C-07DB60CC5E36}.Debug|x64.Build.0 = Debug|Any CPU
		{E06EA408-7A40-40EE-9C2C-07DB60CC5E36}.Debug|x86.ActiveCfg = Debug|Any CPU
		{E06EA408-7A40-40EE-9C2C-07DB60CC5E36}.Debug|x86.Build.0 = Debug|Any CPU
		{E06EA408-7A40-40EE-9C2C-07DB60CC5E36}.Release|Any CPU.ActiveCfg = Release|Any CPU
		{E06EA408-7A40-40EE-9C2C-07DB60CC5E36}.Release|Any CPU.Build.0 = Release|Any CPU
		{E06EA408-7A40-40EE-9C2C-07DB60CC5E36}.Release|x64.ActiveCfg = Release|Any CPU
		{E06EA408-7A40-40EE-9C2C-07DB60CC5E36}.Release|x64.Build.0 = Release|Any CPU
		{E06EA408-7A40-40EE-9C2C-07DB60CC5E36}.Release|x86.ActiveCfg = Release|Any CPU
		{E06EA408-7A40-40EE-9C2C-07DB60CC5E36}.Release|x86.Build.0 = Release|Any CPU
	EndGlobalSection
	GlobalSection(SolutionProperties) = preSolution
		HideSolutionNode = FALSE
	EndGlobalSection
	GlobalSection(ExtensibilityGlobals) = postSolution
		SolutionGuid = {5286FA14-BC58-45B5-8D14-EB471A26A00F}
	EndGlobalSection
EndGlobal
